
Microsoft Visual Studio Solution File, Format Version 12.00
# Visual Studio Version 17
VisualStudioVersion = 17.0.31903.59
MinimumVisualStudioVersion = 10.0.40219.1
Project("{9A19103F-16F7-4668-BE54-9A1E7A4F7556}") = "GG.Core", "GG.Core\GG.Core.csproj", "{8CF329C7-7C86-481B-955A-ABBD84EC9648}"
EndProject
Project("{9A19103F-16F7-4668-BE54-9A1E7A4F7556}") = "GG.Infrastructure", "GG.Infrastructure\GG.Infrastructure.csproj", "{7216876D-A926-4809-8C1A-CF5A37254EBC}"
EndProject
Project("{9A19103F-16F7-4668-BE54-9A1E7A4F7556}") = "GG.Data", "GG.Database\GG.Data.csproj", "{4FFE919C-E08B-4031-BBA5-541B04C4681E}"
EndProject
Project("{9A19103F-16F7-4668-BE54-9A1E7A4F7556}") = "GG.WebPageMVC", "GG.WebPageMVC\GG.WebPageMVC.csproj", "{FD07B5A3-7056-4C6A-AC6D-71D01A60D80F}"
EndProject
Project("{2150E333-8FDC-42A3-9474-1A3956D46DE8}") = "Solution Items", "Solution Items", "{E145A200-FDB9-4EA6-884D-8511A2BF3DC9}"
	ProjectSection(SolutionItems) = preProject
		.editorconfig = .editorconfig
	EndProjectSection
EndProject
Global
	GlobalSection(SolutionConfigurationPlatforms) = preSolution
		Debug|Any CPU = Debug|Any CPU
		Release|Any CPU = Release|Any CPU
	EndGlobalSection
	GlobalSection(ProjectConfigurationPlatforms) = postSolution
		{8CF329C7-7C86-481B-955A-ABBD84EC9648}.Debug|Any CPU.ActiveCfg = Debug|Any CPU
		{8CF329C7-7C86-481B-955A-ABBD84EC9648}.Debug|Any CPU.Build.0 = Debug|Any CPU
		{8CF329C7-7C86-481B-955A-ABBD84EC9648}.Release|Any CPU.ActiveCfg = Release|Any CPU
		{8CF329C7-7C86-481B-955A-ABBD84EC9648}.Release|Any CPU.Build.0 = Release|Any CPU
		{7216876D-A926-4809-8C1A-CF5A37254EBC}.Debug|Any CPU.ActiveCfg = Debug|Any CPU
		{7216876D-A926-4809-8C1A-CF5A37254EBC}.Debug|Any CPU.Build.0 = Debug|Any CPU
		{7216876D-A926-4809-8C1A-CF5A37254EBC}.Release|Any CPU.ActiveCfg = Release|Any CPU
		{7216876D-A926-4809-8C1A-CF5A37254EBC}.Release|Any CPU.Build.0 = Release|Any CPU
		{4FFE919C-E08B-4031-BBA5-541B04C4681E}.Debug|Any CPU.ActiveCfg = Debug|Any CPU
		{4FFE919C-E08B-4031-BBA5-541B04C4681E}.Debug|Any CPU.Build.0 = Debug|Any CPU
		{4FFE919C-E08B-4031-BBA5-541B04C4681E}.Release|Any CPU.ActiveCfg = Release|Any CPU
		{4FFE919C-E08B-4031-BBA5-541B04C4681E}.Release|Any CPU.Build.0 = Release|Any CPU
		{FD07B5A3-7056-4C6A-AC6D-71D01A60D80F}.Debug|Any CPU.ActiveCfg = Debug|Any CPU
		{FD07B5A3-7056-4C6A-AC6D-71D01A60D80F}.Debug|Any CPU.Build.0 = Debug|Any CPU
		{FD07B5A3-7056-4C6A-AC6D-71D01A60D80F}.Release|Any CPU.ActiveCfg = Release|Any CPU
		{FD07B5A3-7056-4C6A-AC6D-71D01A60D80F}.Release|Any CPU.Build.0 = Release|Any CPU
	EndGlobalSection
	GlobalSection(SolutionProperties) = preSolution
		HideSolutionNode = FALSE
	EndGlobalSection
	GlobalSection(ExtensibilityGlobals) = postSolution
		SolutionGuid = {53D82788-1F81-427C-B2E1-0BD7573056BF}
	EndGlobalSection
EndGlobal
